<?xml version="1.0" encoding="utf-8"?>
<Project ToolsVersion="4.0" xmlns="http://schemas.microsoft.com/developer/msbuild/2003">
  <ItemGroup>
    <Filter Include="Source Files">
      <UniqueIdentifier>{4FC737F1-C7A5-4376-A066-2A32D752A2FF}</UniqueIdentifier>
      <Extensions>cpp;c;cc;cxx;c++;cppm;ixx;def;odl;idl;hpj;bat;asm;asmx</Extensions>
    </Filter>
    <Filter Include="Header Files">
      <UniqueIdentifier>{93995380-89BD-4b04-88EB-625FBE52EBFB}</UniqueIdentifier>
      <Extensions>h;hh;hpp;hxx;h++;hm;inl;inc;ipp;xsd</Extensions>
    </Filter>
    <Filter Include="Resource Files">
      <UniqueIdentifier>{67DA6AB6-F800-4c08-8B7A-83BB121AAD01}</UniqueIdentifier>
      <Extensions>rc;ico;cur;bmp;dlg;rc2;rct;bin;rgs;gif;jpg;jpeg;jpe;resx;tiff;tif;png;wav;mfcribbon-ms</Extensions>
    </Filter>
    <Filter Include="lib">
      <UniqueIdentifier>{38e35a82-09f7-4c3e-bc1b-aafb24aa84f1}</UniqueIdentifier>
    </Filter>
    <Filter Include="Header Files\SDL">
      <UniqueIdentifier>{60db3eb0-d8e9-4a6d-a835-983648d68fcf}</UniqueIdentifier>
    </Filter>
    <Filter Include="res">
      <UniqueIdentifier>{52a80413-5c27-4939-a4b5-c0a6c1a2f42a}</UniqueIdentifier>
    </Filter>
    <Filter Include="Source Files\utility">
      <UniqueIdentifier>{bd8508b9-230b-46f4-a0b2-76bdf9ed14fe}</UniqueIdentifier>
    </Filter>
    <Filter Include="Source Files\test">
      <UniqueIdentifier>{a9afdd45-ffcf-4bfb-a2bd-697bb90524d1}</UniqueIdentifier>
    </Filter>
    <Filter Include="Source Files\render">
      <UniqueIdentifier>{53d39fb9-f9dd-4342-9180-50b1e8650eb6}</UniqueIdentifier>
    </Filter>
    <Filter Include="Source Files\convexhull">
      <UniqueIdentifier>{74e457c8-e603-476d-bdb9-479bd5b56fb8}</UniqueIdentifier>
    </Filter>
  </ItemGroup>
  <ItemGroup>
    <None Include="lib\zlib1.dll">
      <Filter>lib</Filter>
    </None>
    <None Include="lib\SDL2_image.dll">
      <Filter>lib</Filter>
    </None>
    <None Include="lib\SDL2.dll">
      <Filter>lib</Filter>
    </None>
    <None Include="lib\libpng16-16.dll">
      <Filter>lib</Filter>
    </None>
    <None Include="include\SDL2\SDL_config.h.cmake" />
    <None Include="include\SDL2\SDL_config.h.in" />
    <None Include="include\SDL2\SDL_config_macosx.h.orig" />
  </ItemGroup>
  <ItemGroup>
    <Text Include="lib\LICENSE.png.txt">
      <Filter>lib</Filter>
    </Text>
    <Text Include="res\input_file_01.txt">
      <Filter>res</Filter>
    </Text>
  </ItemGroup>
  <ItemGroup>
    <ClInclude Include="include\SDL2\begin_code.h">
      <Filter>Header Files\SDL</Filter>
    </ClInclude>
    <ClInclude Include="include\SDL2\close_code.h">
      <Filter>Header Files\SDL</Filter>
    </ClInclude>
    <ClInclude Include="include\SDL2\SDL.h">
      <Filter>Header Files\SDL</Filter>
    </ClInclude>
    <ClInclude Include="include\SDL2\SDL_assert.h">
      <Filter>Header Files\SDL</Filter>
    </ClInclude>
    <ClInclude Include="include\SDL2\SDL_atomic.h">
      <Filter>Header Files\SDL</Filter>
    </ClInclude>
    <ClInclude Include="include\SDL2\SDL_audio.h">
      <Filter>Header Files\SDL</Filter>
    </ClInclude>
    <ClInclude Include="include\SDL2\SDL_bits.h">
      <Filter>Header Files\SDL</Filter>
    </ClInclude>
    <ClInclude Include="include\SDL2\SDL_blendmode.h">
      <Filter>Header Files\SDL</Filter>
    </ClInclude>
    <ClInclude Include="include\SDL2\SDL_clipboard.h">
      <Filter>Header Files\SDL</Filter>
    </ClInclude>
    <ClInclude Include="include\SDL2\SDL_config.h">
      <Filter>Header Files\SDL</Filter>
    </ClInclude>
    <ClInclude Include="include\SDL2\SDL_config_android.h">
      <Filter>Header Files\SDL</Filter>
    </ClInclude>
    <ClInclude Include="include\SDL2\SDL_config_iphoneos.h">
      <Filter>Header Files\SDL</Filter>
    </ClInclude>
    <ClInclude Include="include\SDL2\SDL_config_macosx.h">
      <Filter>Header Files\SDL</Filter>
    </ClInclude>
    <ClInclude Include="include\SDL2\SDL_config_minimal.h">
      <Filter>Header Files\SDL</Filter>
    </ClInclude>
    <ClInclude Include="include\SDL2\SDL_config_pandora.h">
      <Filter>Header Files\SDL</Filter>
    </ClInclude>
    <ClInclude Include="include\SDL2\SDL_config_psp.h">
      <Filter>Header Files\SDL</Filter>
    </ClInclude>
    <ClInclude Include="include\SDL2\SDL_config_windows.h">
      <Filter>Header Files\SDL</Filter>
    </ClInclude>
    <ClInclude Include="include\SDL2\SDL_config_winrt.h">
      <Filter>Header Files\SDL</Filter>
    </ClInclude>
    <ClInclude Include="include\SDL2\SDL_config_wiz.h">
      <Filter>Header Files\SDL</Filter>
    </ClInclude>
    <ClInclude Include="include\SDL2\SDL_copying.h">
      <Filter>Header Files\SDL</Filter>
    </ClInclude>
    <ClInclude Include="include\SDL2\SDL_cpuinfo.h">
      <Filter>Header Files\SDL</Filter>
    </ClInclude>
    <ClInclude Include="include\SDL2\SDL_egl.h">
      <Filter>Header Files\SDL</Filter>
    </ClInclude>
    <ClInclude Include="include\SDL2\SDL_endian.h">
      <Filter>Header Files\SDL</Filter>
    </ClInclude>
    <ClInclude Include="include\SDL2\SDL_error.h">
      <Filter>Header Files\SDL</Filter>
    </ClInclude>
    <ClInclude Include="include\SDL2\SDL_events.h">
      <Filter>Header Files\SDL</Filter>
    </ClInclude>
    <ClInclude Include="include\SDL2\SDL_filesystem.h">
      <Filter>Header Files\SDL</Filter>
    </ClInclude>
    <ClInclude Include="include\SDL2\SDL_gamecontroller.h">
      <Filter>Header Files\SDL</Filter>
    </ClInclude>
    <ClInclude Include="include\SDL2\SDL_gesture.h">
      <Filter>Header Files\SDL</Filter>
    </ClInclude>
    <ClInclude Include="include\SDL2\SDL_haptic.h">
      <Filter>Header Files\SDL</Filter>
    </ClInclude>
    <ClInclude Include="include\SDL2\SDL_hints.h">
      <Filter>Header Files\SDL</Filter>
    </ClInclude>
    <ClInclude Include="include\SDL2\SDL_image.h">
      <Filter>Header Files\SDL</Filter>
    </ClInclude>
    <ClInclude Include="include\SDL2\SDL_joystick.h">
      <Filter>Header Files\SDL</Filter>
    </ClInclude>
    <ClInclude Include="include\SDL2\SDL_keyboard.h">
      <Filter>Header Files\SDL</Filter>
    </ClInclude>
    <ClInclude Include="include\SDL2\SDL_keycode.h">
      <Filter>Header Files\SDL</Filter>
    </ClInclude>
    <ClInclude Include="include\SDL2\SDL_loadso.h">
      <Filter>Header Files\SDL</Filter>
    </ClInclude>
    <ClInclude Include="include\SDL2\SDL_log.h">
      <Filter>Header Files\SDL</Filter>
    </ClInclude>
    <ClInclude Include="include\SDL2\SDL_main.h">
      <Filter>Header Files\SDL</Filter>
    </ClInclude>
    <ClInclude Include="include\SDL2\SDL_messagebox.h">
      <Filter>Header Files\SDL</Filter>
    </ClInclude>
    <ClInclude Include="include\SDL2\SDL_metal.h">
      <Filter>Header Files\SDL</Filter>
    </ClInclude>
    <ClInclude Include="include\SDL2\SDL_mixer.h">
      <Filter>Header Files\SDL</Filter>
    </ClInclude>
    <ClInclude Include="include\SDL2\SDL_mouse.h">
      <Filter>Header Files\SDL</Filter>
    </ClInclude>
    <ClInclude Include="include\SDL2\SDL_mutex.h">
      <Filter>Header Files\SDL</Filter>
    </ClInclude>
    <ClInclude Include="include\SDL2\SDL_name.h">
      <Filter>Header Files\SDL</Filter>
    </ClInclude>
    <ClInclude Include="include\SDL2\SDL_opengl.h">
      <Filter>Header Files\SDL</Filter>
    </ClInclude>
    <ClInclude Include="include\SDL2\SDL_opengl_glext.h">
      <Filter>Header Files\SDL</Filter>
    </ClInclude>
    <ClInclude Include="include\SDL2\SDL_opengles.h">
      <Filter>Header Files\SDL</Filter>
    </ClInclude>
    <ClInclude Include="include\SDL2\SDL_opengles2.h">
      <Filter>Header Files\SDL</Filter>
    </ClInclude>
    <ClInclude Include="include\SDL2\SDL_opengles2_gl2.h">
      <Filter>Header Files\SDL</Filter>
    </ClInclude>
    <ClInclude Include="include\SDL2\SDL_opengles2_gl2ext.h">
      <Filter>Header Files\SDL</Filter>
    </ClInclude>
    <ClInclude Include="include\SDL2\SDL_opengles2_gl2platform.h">
      <Filter>Header Files\SDL</Filter>
    </ClInclude>
    <ClInclude Include="include\SDL2\SDL_opengles2_khrplatform.h">
      <Filter>Header Files\SDL</Filter>
    </ClInclude>
    <ClInclude Include="include\SDL2\SDL_pixels.h">
      <Filter>Header Files\SDL</Filter>
    </ClInclude>
    <ClInclude Include="include\SDL2\SDL_platform.h">
      <Filter>Header Files\SDL</Filter>
    </ClInclude>
    <ClInclude Include="include\SDL2\SDL_power.h">
      <Filter>Header Files\SDL</Filter>
    </ClInclude>
    <ClInclude Include="include\SDL2\SDL_quit.h">
      <Filter>Header Files\SDL</Filter>
    </ClInclude>
    <ClInclude Include="include\SDL2\SDL_rect.h">
      <Filter>Header Files\SDL</Filter>
    </ClInclude>
    <ClInclude Include="include\SDL2\SDL_render.h">
      <Filter>Header Files\SDL</Filter>
    </ClInclude>
    <ClInclude Include="include\SDL2\SDL_revision.h">
      <Filter>Header Files\SDL</Filter>
    </ClInclude>
    <ClInclude Include="include\SDL2\SDL_rwops.h">
      <Filter>Header Files\SDL</Filter>
    </ClInclude>
    <ClInclude Include="include\SDL2\SDL_scancode.h">
      <Filter>Header Files\SDL</Filter>
    </ClInclude>
    <ClInclude Include="include\SDL2\SDL_sensor.h">
      <Filter>Header Files\SDL</Filter>
    </ClInclude>
    <ClInclude Include="include\SDL2\SDL_shape.h">
      <Filter>Header Files\SDL</Filter>
    </ClInclude>
    <ClInclude Include="include\SDL2\SDL_stdinc.h">
      <Filter>Header Files\SDL</Filter>
    </ClInclude>
    <ClInclude Include="include\SDL2\SDL_surface.h">
      <Filter>Header Files\SDL</Filter>
    </ClInclude>
    <ClInclude Include="include\SDL2\SDL_system.h">
      <Filter>Header Files\SDL</Filter>
    </ClInclude>
    <ClInclude Include="include\SDL2\SDL_syswm.h">
      <Filter>Header Files\SDL</Filter>
    </ClInclude>
    <ClInclude Include="include\SDL2\SDL_test.h">
      <Filter>Header Files\SDL</Filter>
    </ClInclude>
    <ClInclude Include="include\SDL2\SDL_test_assert.h">
      <Filter>Header Files\SDL</Filter>
    </ClInclude>
    <ClInclude Include="include\SDL2\SDL_test_common.h">
      <Filter>Header Files\SDL</Filter>
    </ClInclude>
    <ClInclude Include="include\SDL2\SDL_test_compare.h">
      <Filter>Header Files\SDL</Filter>
    </ClInclude>
    <ClInclude Include="include\SDL2\SDL_test_crc32.h">
      <Filter>Header Files\SDL</Filter>
    </ClInclude>
    <ClInclude Include="include\SDL2\SDL_test_font.h">
      <Filter>Header Files\SDL</Filter>
    </ClInclude>
    <ClInclude Include="include\SDL2\SDL_test_fuzzer.h">
      <Filter>Header Files\SDL</Filter>
    </ClInclude>
    <ClInclude Include="include\SDL2\SDL_test_harness.h">
      <Filter>Header Files\SDL</Filter>
    </ClInclude>
    <ClInclude Include="include\SDL2\SDL_test_images.h">
      <Filter>Header Files\SDL</Filter>
    </ClInclude>
    <ClInclude Include="include\SDL2\SDL_test_log.h">
      <Filter>Header Files\SDL</Filter>
    </ClInclude>
    <ClInclude Include="include\SDL2\SDL_test_md5.h">
      <Filter>Header Files\SDL</Filter>
    </ClInclude>
    <ClInclude Include="include\SDL2\SDL_test_memory.h">
      <Filter>Header Files\SDL</Filter>
    </ClInclude>
    <ClInclude Include="include\SDL2\SDL_test_random.h">
      <Filter>Header Files\SDL</Filter>
    </ClInclude>
    <ClInclude Include="include\SDL2\SDL_thread.h">
      <Filter>Header Files\SDL</Filter>
    </ClInclude>
    <ClInclude Include="include\SDL2\SDL_timer.h">
      <Filter>Header Files\SDL</Filter>
    </ClInclude>
    <ClInclude Include="include\SDL2\SDL_touch.h">
      <Filter>Header Files\SDL</Filter>
    </ClInclude>
    <ClInclude Include="include\SDL2\SDL_types.h">
      <Filter>Header Files\SDL</Filter>
    </ClInclude>
    <ClInclude Include="include\SDL2\SDL_version.h">
      <Filter>Header Files\SDL</Filter>
    </ClInclude>
    <ClInclude Include="include\SDL2\SDL_video.h">
      <Filter>Header Files\SDL</Filter>
    </ClInclude>
    <ClInclude Include="include\SDL2\SDL_vulkan.h">
      <Filter>Header Files\SDL</Filter>
    </ClInclude>
    <ClInclude Include="src\convexhull\convex_hull.h">
      <Filter>Source Files\convexhull</Filter>
    </ClInclude>
    <ClInclude Include="src\render\rendutil.h">
      <Filter>Source Files\render</Filter>
    </ClInclude>
    <ClInclude Include="src\utility\mathutil.h">
      <Filter>Source Files\utility</Filter>
    </ClInclude>
    <ClInclude Include="src\test\test.h">
      <Filter>Source Files\test</Filter>
    </ClInclude>
  </ItemGroup>
  <ItemGroup>
    <ClCompile Include="src\main.cpp">
      <Filter>Source Files</Filter>
    </ClCompile>
    <ClCompile Include="src\convexhull\convex_hull_common.cpp">
      <Filter>Source Files\convexhull</Filter>
    </ClCompile>
    <ClCompile Include="src\convexhull\convex_hull_parallel.cpp">
      <Filter>Source Files\convexhull</Filter>
    </ClCompile>
    <ClCompile Include="src\convexhull\convex_hull_serial.cpp">
      <Filter>Source Files\convexhull</Filter>
    </ClCompile>
    <ClCompile Include="src\render\rendutil.cpp">
      <Filter>Source Files\render</Filter>
    </ClCompile>
    <ClCompile Include="src\utility\mathutil.cpp">
      <Filter>Source Files\utility</Filter>
    </ClCompile>
    <ClCompile Include="src\test\test.cpp">
      <Filter>Source Files\test</Filter>
    </ClCompile>
  </ItemGroup>
  <ItemGroup>
    <Image Include="res\img_test.png">
      <Filter>res</Filter>
    </Image>
  </ItemGroup>
</Project>